// !$*UTF8*$!
{
	archiveVersion = 1;
	classes = {
	};
	objectVersion = 56;
	objects = {

/* Begin PBXBuildFile section */
		508E638E2F30752D0016E8CD /* SettingsManager.swift in Sources */ = {isa = PBXBuildFile; fileRef = 508E638D2F30752D0016E8CD /* SettingsManager.swift */; };
		508E63902F30754E0016E8CD /* ReplacementRule.swift in Sources */ = {isa = PBXBuildFile; fileRef = 508E638F2F30754E0016E8CD /* ReplacementRule.swift */; };
		508E63922F3075600016E8CD /* ReplacementStorage.swift in Sources */ = {isa = PBXBuildFile; fileRef = 508E63912F3075600016E8CD /* ReplacementStorage.swift */; };
		508E63942F3075780016E8CD /* TextReplacementEngine.swift in Sources */ = {isa = PBXBuildFile; fileRef = 508E63932F3075780016E8CD /* TextReplacementEngine.swift */; };
		508E63962F3075870016E8CD /* UserDefaults+VoiceFlow.swift in Sources */ = {isa = PBXBuildFile; fileRef = 508E63952F3075870016E8CD /* UserDefaults+VoiceFlow.swift */; };
		508E63992F30759E0016E8CD /* SettingsWindowController.swift in Sources */ = {isa = PBXBuildFile; fileRef = 508E63982F30759E0016E8CD /* SettingsWindowController.swift */; };
		508E639A2F30759E0016E8CD /* SettingsWindow.swift in Sources */ = {isa = PBXBuildFile; fileRef = 508E63972F30759E0016E8CD /* SettingsWindow.swift */; };
		A1000001 /* VoiceFlowApp.swift in Sources */ = {isa = PBXBuildFile; fileRef = B1000001 /* VoiceFlowApp.swift */; };
		A1000002 /* AppDelegate.swift in Sources */ = {isa = PBXBuildFile; fileRef = B1000002 /* AppDelegate.swift */; };
		A1000003 /* HotkeyManager.swift in Sources */ = {isa = PBXBuildFile; fileRef = B1000003 /* HotkeyManager.swift */; };
		A1000004 /* AudioRecorder.swift in Sources */ = {isa = PBXBuildFile; fileRef = B1000004 /* AudioRecorder.swift */; };
		A1000005 /* ASRClient.swift in Sources */ = {isa = PBXBuildFile; fileRef = B1000005 /* ASRClient.swift */; };
		A1000006 /* TextInjector.swift in Sources */ = {isa = PBXBuildFile; fileRef = B1000006 /* TextInjector.swift */; };
		A1000007 /* OverlayPanel.swift in Sources */ = {isa = PBXBuildFile; fileRef = B1000007 /* OverlayPanel.swift */; };
		A1000008 /* StatusBarController.swift in Sources */ = {isa = PBXBuildFile; fileRef = B1000008 /* StatusBarController.swift */; };
		A1000011 /* RecordingHistory.swift in Sources */ = {isa = PBXBuildFile; fileRef = B1000011 /* RecordingHistory.swift */; };
		A1000012 /* HistoryWindowController.swift in Sources */ = {isa = PBXBuildFile; fileRef = B1000012 /* HistoryWindowController.swift */; };
		A1000013 /* PluginAPI.swift in Sources */ = {isa = PBXBuildFile; fileRef = B1000013 /* PluginAPI.swift */; };
		A1000014 /* PluginLoader.swift in Sources */ = {isa = PBXBuildFile; fileRef = B1000014 /* PluginLoader.swift */; };
		A1000015 /* PluginManager.swift in Sources */ = {isa = PBXBuildFile; fileRef = B1000015 /* PluginManager.swift */; };
		A1000016 /* HotkeyConfig.swift in Sources */ = {isa = PBXBuildFile; fileRef = B1000016 /* HotkeyConfig.swift */; };
		A1000017 /* DictionaryManager.swift in Sources */ = {isa = PBXBuildFile; fileRef = B1000017 /* DictionaryManager.swift */; };
		A1000018 /* HotkeySettingsWindow.swift in Sources */ = {isa = PBXBuildFile; fileRef = B1000018 /* HotkeySettingsWindow.swift */; };
		C2000001 /* SceneType.swift in Sources */ = {isa = PBXBuildFile; fileRef = D2000001 /* SceneType.swift */; };
		C2000002 /* SceneProfile.swift in Sources */ = {isa = PBXBuildFile; fileRef = D2000002 /* SceneProfile.swift */; };
		C2000003 /* SceneRule.swift in Sources */ = {isa = PBXBuildFile; fileRef = D2000003 /* SceneRule.swift */; };
		C2000004 /* SceneManager.swift in Sources */ = {isa = PBXBuildFile; fileRef = D2000004 /* SceneManager.swift */; };
		C2000005 /* SceneSettingsView.swift in Sources */ = {isa = PBXBuildFile; fileRef = D2000005 /* SceneSettingsView.swift */; };
		P2000001 /* PermissionManager.swift in Sources */ = {isa = PBXBuildFile; fileRef = P1000001 /* PermissionManager.swift */; };
		P2000002 /* PermissionAlertWindow.swift in Sources */ = {isa = PBXBuildFile; fileRef = P1000002 /* PermissionAlertWindow.swift */; };
		T1000001 /* LearnedTerm.swift in Sources */ = {isa = PBXBuildFile; fileRef = T2000001 /* LearnedTerm.swift */; };
		T1000002 /* TermLearner.swift in Sources */ = {isa = PBXBuildFile; fileRef = T2000002 /* TermLearner.swift */; };
		T1000003 /* DictionaryWindow.swift in Sources */ = {isa = PBXBuildFile; fileRef = T2000003 /* DictionaryWindow.swift */; };
		0483771F70A247EBAB11AEC6 /* OnboardingWindow.swift in Sources */ = {isa = PBXBuildFile; fileRef = ED6D97AF1F7B4AF5B3B727AD /* OnboardingWindow.swift */; };
		DE92135E782B4279952A59B3 /* WelcomeView.swift in Sources */ = {isa = PBXBuildFile; fileRef = 12BA7BF8DD424D87AF7F3915 /* WelcomeView.swift */; };
		4A2ECC1AEC7442ED8D1C2972 /* MicrophonePermissionView.swift in Sources */ = {isa = PBXBuildFile; fileRef = 607CC0B7CC2247F982A5CB42 /* MicrophonePermissionView.swift */; };
		356EB440273F4E55B330A865 /* AccessibilityPermissionView.swift in Sources */ = {isa = PBXBuildFile; fileRef = 320465FF2D314116A50C4491 /* AccessibilityPermissionView.swift */; };
		151EB03BC5FA4F8A9DAA41F3 /* HotkeyPracticeView.swift in Sources */ = {isa = PBXBuildFile; fileRef = 040D1C9EAB2249909DCA3F06 /* HotkeyPracticeView.swift */; };
		5FD03A00272E42B1B34B3D04 /* CompletionView.swift in Sources */ = {isa = PBXBuildFile; fileRef = 793C1B88629340EE802BB296 /* CompletionView.swift */; };
/* End PBXBuildFile section */

/* Begin PBXFileReference section */
		508E638D2F30752D0016E8CD /* SettingsManager.swift */ = {isa = PBXFileReference; lastKnownFileType = sourcecode.swift; path = SettingsManager.swift; sourceTree = "<group>"; };
		508E638F2F30754E0016E8CD /* ReplacementRule.swift */ = {isa = PBXFileReference; lastKnownFileType = sourcecode.swift; path = ReplacementRule.swift; sourceTree = "<group>"; };
		508E63912F3075600016E8CD /* ReplacementStorage.swift */ = {isa = PBXFileReference; lastKnownFileType = sourcecode.swift; path = ReplacementStorage.swift; sourceTree = "<group>"; };
		508E63932F3075780016E8CD /* TextReplacementEngine.swift */ = {isa = PBXFileReference; lastKnownFileType = sourcecode.swift; path = TextReplacementEngine.swift; sourceTree = "<group>"; };
		508E63952F3075870016E8CD /* UserDefaults+VoiceFlow.swift */ = {isa = PBXFileReference; lastKnownFileType = sourcecode.swift; path = "UserDefaults+VoiceFlow.swift"; sourceTree = "<group>"; };
		508E63972F30759E0016E8CD /* SettingsWindow.swift */ = {isa = PBXFileReference; lastKnownFileType = sourcecode.swift; path = SettingsWindow.swift; sourceTree = "<group>"; };
		508E63982F30759E0016E8CD /* SettingsWindowController.swift */ = {isa = PBXFileReference; lastKnownFileType = sourcecode.swift; path = SettingsWindowController.swift; sourceTree = "<group>"; };
		B1000001 /* VoiceFlowApp.swift */ = {isa = PBXFileReference; lastKnownFileType = sourcecode.swift; path = VoiceFlowApp.swift; sourceTree = "<group>"; };
		B1000002 /* AppDelegate.swift */ = {isa = PBXFileReference; lastKnownFileType = sourcecode.swift; path = AppDelegate.swift; sourceTree = "<group>"; };
		B1000003 /* HotkeyManager.swift */ = {isa = PBXFileReference; lastKnownFileType = sourcecode.swift; path = HotkeyManager.swift; sourceTree = "<group>"; };
		B1000004 /* AudioRecorder.swift */ = {isa = PBXFileReference; lastKnownFileType = sourcecode.swift; path = AudioRecorder.swift; sourceTree = "<group>"; };
		B1000005 /* ASRClient.swift */ = {isa = PBXFileReference; lastKnownFileType = sourcecode.swift; path = ASRClient.swift; sourceTree = "<group>"; };
		B1000006 /* TextInjector.swift */ = {isa = PBXFileReference; lastKnownFileType = sourcecode.swift; path = TextInjector.swift; sourceTree = "<group>"; };
		B1000007 /* OverlayPanel.swift */ = {isa = PBXFileReference; lastKnownFileType = sourcecode.swift; path = OverlayPanel.swift; sourceTree = "<group>"; };
		B1000008 /* StatusBarController.swift */ = {isa = PBXFileReference; lastKnownFileType = sourcecode.swift; path = StatusBarController.swift; sourceTree = "<group>"; };
		B1000009 /* Info.plist */ = {isa = PBXFileReference; lastKnownFileType = text.plist.xml; path = Info.plist; sourceTree = "<group>"; };
		B1000010 /* VoiceFlow.entitlements */ = {isa = PBXFileReference; lastKnownFileType = text.plist.entitlements; path = VoiceFlow.entitlements; sourceTree = "<group>"; };
		B1000011 /* RecordingHistory.swift */ = {isa = PBXFileReference; lastKnownFileType = sourcecode.swift; path = RecordingHistory.swift; sourceTree = "<group>"; };
		B1000012 /* HistoryWindowController.swift */ = {isa = PBXFileReference; lastKnownFileType = sourcecode.swift; path = HistoryWindowController.swift; sourceTree = "<group>"; };
		B1000013 /* PluginAPI.swift */ = {isa = PBXFileReference; lastKnownFileType = sourcecode.swift; path = PluginAPI.swift; sourceTree = "<group>"; };
		B1000014 /* PluginLoader.swift */ = {isa = PBXFileReference; lastKnownFileType = sourcecode.swift; path = PluginLoader.swift; sourceTree = "<group>"; };
		B1000015 /* PluginManager.swift */ = {isa = PBXFileReference; lastKnownFileType = sourcecode.swift; path = PluginManager.swift; sourceTree = "<group>"; };
		B1000016 /* HotkeyConfig.swift */ = {isa = PBXFileReference; lastKnownFileType = sourcecode.swift; path = HotkeyConfig.swift; sourceTree = "<group>"; };
		B1000017 /* DictionaryManager.swift */ = {isa = PBXFileReference; lastKnownFileType = sourcecode.swift; path = DictionaryManager.swift; sourceTree = "<group>"; };
		B1000018 /* HotkeySettingsWindow.swift */ = {isa = PBXFileReference; lastKnownFileType = sourcecode.swift; path = HotkeySettingsWindow.swift; sourceTree = "<group>"; };
		C1000001 /* VoiceFlow.app */ = {isa = PBXFileReference; explicitFileType = wrapper.application; includeInIndex = 0; path = VoiceFlow.app; sourceTree = BUILT_PRODUCTS_DIR; };
		D2000001 /* SceneType.swift */ = {isa = PBXFileReference; lastKnownFileType = sourcecode.swift; path = SceneType.swift; sourceTree = "<group>"; };
		D2000002 /* SceneProfile.swift */ = {isa = PBXFileReference; lastKnownFileType = sourcecode.swift; path = SceneProfile.swift; sourceTree = "<group>"; };
		D2000003 /* SceneRule.swift */ = {isa = PBXFileReference; lastKnownFileType = sourcecode.swift; path = SceneRule.swift; sourceTree = "<group>"; };
		D2000004 /* SceneManager.swift */ = {isa = PBXFileReference; lastKnownFileType = sourcecode.swift; path = SceneManager.swift; sourceTree = "<group>"; };
		D2000005 /* SceneSettingsView.swift */ = {isa = PBXFileReference; lastKnownFileType = sourcecode.swift; path = SceneSettingsView.swift; sourceTree = "<group>"; };
		P1000001 /* PermissionManager.swift */ = {isa = PBXFileReference; lastKnownFileType = sourcecode.swift; path = PermissionManager.swift; sourceTree = "<group>"; };
		P1000002 /* PermissionAlertWindow.swift */ = {isa = PBXFileReference; lastKnownFileType = sourcecode.swift; path = PermissionAlertWindow.swift; sourceTree = "<group>"; };
		T2000001 /* LearnedTerm.swift */ = {isa = PBXFileReference; lastKnownFileType = sourcecode.swift; path = LearnedTerm.swift; sourceTree = "<group>"; };
		T2000002 /* TermLearner.swift */ = {isa = PBXFileReference; lastKnownFileType = sourcecode.swift; path = TermLearner.swift; sourceTree = "<group>"; };
		T2000003 /* DictionaryWindow.swift */ = {isa = PBXFileReference; lastKnownFileType = sourcecode.swift; path = DictionaryWindow.swift; sourceTree = "<group>"; };
		ED6D97AF1F7B4AF5B3B727AD /* OnboardingWindow.swift */ = {isa = PBXFileReference; lastKnownFileType = sourcecode.swift; path = OnboardingWindow.swift; sourceTree = "<group>"; };
		12BA7BF8DD424D87AF7F3915 /* WelcomeView.swift */ = {isa = PBXFileReference; lastKnownFileType = sourcecode.swift; path = WelcomeView.swift; sourceTree = "<group>"; };
		607CC0B7CC2247F982A5CB42 /* MicrophonePermissionView.swift */ = {isa = PBXFileReference; lastKnownFileType = sourcecode.swift; path = MicrophonePermissionView.swift; sourceTree = "<group>"; };
		320465FF2D314116A50C4491 /* AccessibilityPermissionView.swift */ = {isa = PBXFileReference; lastKnownFileType = sourcecode.swift; path = AccessibilityPermissionView.swift; sourceTree = "<group>"; };
		040D1C9EAB2249909DCA3F06 /* HotkeyPracticeView.swift */ = {isa = PBXFileReference; lastKnownFileType = sourcecode.swift; path = HotkeyPracticeView.swift; sourceTree = "<group>"; };
		793C1B88629340EE802BB296 /* CompletionView.swift */ = {isa = PBXFileReference; lastKnownFileType = sourcecode.swift; path = CompletionView.swift; sourceTree = "<group>"; };
/* End PBXFileReference section */

/* Begin PBXFrameworksBuildPhase section */
		D1000001 /* Frameworks */ = {
			isa = PBXFrameworksBuildPhase;
			buildActionMask = 2147483647;
			files = (
			);
			runOnlyForDeploymentPostprocessing = 0;
		};
/* End PBXFrameworksBuildPhase section */

/* Begin PBXGroup section */
		E1000001 = {
			isa = PBXGroup;
			children = (
				B1000010 /* VoiceFlow.entitlements */,
				E1000002 /* Sources */,
				E1000005 /* Resources */,
				E1000006 /* Products */,
			);
			sourceTree = "<group>";
		};
		E1000002 /* Sources */ = {
			isa = PBXGroup;
			children = (
				E1000003 /* App */,
				E1000004 /* Core */,
				E1000007 /* UI */,
			);
			path = Sources;
			sourceTree = "<group>";
		};
		E1000003 /* App */ = {
			isa = PBXGroup;
			children = (
				B1000001 /* VoiceFlowApp.swift */,
				B1000002 /* AppDelegate.swift */,
			);
			path = App;
			sourceTree = "<group>";
		};
		E1000004 /* Core */ = {
			isa = PBXGroup;
			children = (
				E2000001 /* Scene */,
				B1000016 /* HotkeyConfig.swift */,
				B1000017 /* DictionaryManager.swift */,
				508E63952F3075870016E8CD /* UserDefaults+VoiceFlow.swift */,
				508E63932F3075780016E8CD /* TextReplacementEngine.swift */,
				508E63912F3075600016E8CD /* ReplacementStorage.swift */,
				508E638F2F30754E0016E8CD /* ReplacementRule.swift */,
				508E638D2F30752D0016E8CD /* SettingsManager.swift */,
				B1000003 /* HotkeyManager.swift */,
				B1000004 /* AudioRecorder.swift */,
				B1000005 /* ASRClient.swift */,
				B1000006 /* TextInjector.swift */,
				B1000011 /* RecordingHistory.swift */,
				B1000013 /* PluginAPI.swift */,
				B1000014 /* PluginLoader.swift */,
				B1000015 /* PluginManager.swift */,
				P1000001 /* PermissionManager.swift */,
				T2000001 /* LearnedTerm.swift */,
				T2000002 /* TermLearner.swift */,
			);
			path = Core;
			sourceTree = "<group>";
		};
		E2000001 /* Scene */ = {
			isa = PBXGroup;
			children = (
				D2000001 /* SceneType.swift */,
				D2000002 /* SceneProfile.swift */,
				D2000003 /* SceneRule.swift */,
				D2000004 /* SceneManager.swift */,
			);
			path = Scene;
			sourceTree = "<group>";
		};
		E1000005 /* Resources */ = {
			isa = PBXGroup;
			children = (
				B1000009 /* Info.plist */,
			);
			path = Resources;
			sourceTree = "<group>";
		};
		E1000006 /* Products */ = {
			isa = PBXGroup;
			children = (
				C1000001 /* VoiceFlow.app */,
			);
			name = Products;
			sourceTree = "<group>";
		};
		E1000007 /* UI */ = {
			isa = PBXGroup;
			children = (
				18557D16F5D9465499A8486F /* OnboardingSteps */,
				ED6D97AF1F7B4AF5B3B727AD /* OnboardingWindow.swift */,
				B1000018 /* HotkeySettingsWindow.swift */,
				508E63972F30759E0016E8CD /* SettingsWindow.swift */,
				508E63982F30759E0016E8CD /* SettingsWindowController.swift */,
				B1000007 /* OverlayPanel.swift */,
				B1000008 /* StatusBarController.swift */,
				B1000012 /* HistoryWindowController.swift */,
				D2000005 /* SceneSettingsView.swift */,
				P1000002 /* PermissionAlertWindow.swift */,
				T2000003 /* DictionaryWindow.swift */,
			);
			path = UI;
			sourceTree = "<group>";
		};
		18557D16F5D9465499A8486F /* OnboardingSteps */ = {
			isa = PBXGroup;
			children = (
				12BA7BF8DD424D87AF7F3915 /* WelcomeView.swift */,
				607CC0B7CC2247F982A5CB42 /* MicrophonePermissionView.swift */,
				320465FF2D314116A50C4491 /* AccessibilityPermissionView.swift */,
				040D1C9EAB2249909DCA3F06 /* HotkeyPracticeView.swift */,
				793C1B88629340EE802BB296 /* CompletionView.swift */,
			);
			path = OnboardingSteps;
			sourceTree = "<group>";
		};
/* End PBXGroup section */

/* Begin PBXNativeTarget section */
		F1000001 /* VoiceFlow */ = {
			isa = PBXNativeTarget;
			buildConfigurationList = G1000003 /* Build configuration list for PBXNativeTarget "VoiceFlow" */;
			buildPhases = (
				F1000002 /* Sources */,
				D1000001 /* Frameworks */,
			);
			buildRules = (
			);
			dependencies = (
			);
			name = VoiceFlow;
			productName = VoiceFlow;
			productReference = C1000001 /* VoiceFlow.app */;
			productType = "com.apple.product-type.application";
		};
/* End PBXNativeTarget section */

/* Begin PBXProject section */
		F1000003 /* Project object */ = {
			isa = PBXProject;
			attributes = {
				BuildIndependentTargetsInParallel = 1;
				LastSwiftUpdateCheck = 1540;
				LastUpgradeCheck = 1540;
				TargetAttributes = {
					F1000001 = {
						CreatedOnToolsVersion = 15.4;
					};
				};
			};
			buildConfigurationList = G1000001 /* Build configuration list for PBXProject "VoiceFlow" */;
			compatibilityVersion = "Xcode 14.0";
			developmentRegion = en;
			hasScannedForEncodings = 0;
			knownRegions = (
				en,
				Base,
			);
			mainGroup = E1000001;
			productRefGroup = E1000006 /* Products */;
			projectDirPath = "";
			projectRoot = "";
			targets = (
				F1000001 /* VoiceFlow */,
			);
		};
/* End PBXProject section */

/* Begin PBXSourcesBuildPhase section */
		F1000002 /* Sources */ = {
			isa = PBXSourcesBuildPhase;
			buildActionMask = 2147483647;
			files = (
				A1000016 /* HotkeyConfig.swift in Sources */,
				A1000017 /* DictionaryManager.swift in Sources */,
				A1000018 /* HotkeySettingsWindow.swift in Sources */,
				A1000001 /* VoiceFlowApp.swift in Sources */,
				A1000002 /* AppDelegate.swift in Sources */,
				A1000003 /* HotkeyManager.swift in Sources */,
				508E63942F3075780016E8CD /* TextReplacementEngine.swift in Sources */,
				A1000004 /* AudioRecorder.swift in Sources */,
				A1000005 /* ASRClient.swift in Sources */,
				A1000006 /* TextInjector.swift in Sources */,
				A1000007 /* OverlayPanel.swift in Sources */,
				508E63962F3075870016E8CD /* UserDefaults+VoiceFlow.swift in Sources */,
				A1000008 /* StatusBarController.swift in Sources */,
				508E63902F30754E0016E8CD /* ReplacementRule.swift in Sources */,
				A1000011 /* RecordingHistory.swift in Sources */,
				508E63922F3075600016E8CD /* ReplacementStorage.swift in Sources */,
				508E638E2F30752D0016E8CD /* SettingsManager.swift in Sources */,
				508E63992F30759E0016E8CD /* SettingsWindowController.swift in Sources */,
				508E639A2F30759E0016E8CD /* SettingsWindow.swift in Sources */,
				A1000012 /* HistoryWindowController.swift in Sources */,
				A1000013 /* PluginAPI.swift in Sources */,
				A1000014 /* PluginLoader.swift in Sources */,
				A1000015 /* PluginManager.swift in Sources */,
				C2000001 /* SceneType.swift in Sources */,
				C2000002 /* SceneProfile.swift in Sources */,
				C2000003 /* SceneRule.swift in Sources */,
				C2000004 /* SceneManager.swift in Sources */,
				C2000005 /* SceneSettingsView.swift in Sources */,
				P2000001 /* PermissionManager.swift in Sources */,
				P2000002 /* PermissionAlertWindow.swift in Sources */,
				T1000001 /* LearnedTerm.swift in Sources */,
				T1000002 /* TermLearner.swift in Sources */,
				T1000003 /* DictionaryWindow.swift in Sources */,
				0483771F70A247EBAB11AEC6 /* OnboardingWindow.swift in Sources */,
				DE92135E782B4279952A59B3 /* WelcomeView.swift in Sources */,
				4A2ECC1AEC7442ED8D1C2972 /* MicrophonePermissionView.swift in Sources */,
				356EB440273F4E55B330A865 /* AccessibilityPermissionView.swift in Sources */,
				151EB03BC5FA4F8A9DAA41F3 /* HotkeyPracticeView.swift in Sources */,
				5FD03A00272E42B1B34B3D04 /* CompletionView.swift in Sources */,
			);
			runOnlyForDeploymentPostprocessing = 0;
		};
/* End PBXSourcesBuildPhase section */

/* Begin XCBuildConfiguration section */
		G1000004 /* Debug */ = {
			isa = XCBuildConfiguration;
			buildSettings = {
				ALWAYS_SEARCH_USER_PATHS = NO;
				ASSETCATALOG_COMPILER_GENERATE_SWIFT_ASSET_SYMBOL_EXTENSIONS = YES;
				CLANG_ANALYZER_NONNULL = YES;
				CLANG_ANALYZER_NUMBER_OBJECT_CONVERSION = YES_AGGRESSIVE;
				CLANG_CXX_LANGUAGE_STANDARD = "gnu++20";
				CLANG_ENABLE_MODULES = YES;
				CLANG_ENABLE_OBJC_ARC = YES;
				CLANG_ENABLE_OBJC_WEAK = YES;
				CLANG_WARN_BLOCK_CAPTURE_AUTORELEASING = YES;
				CLANG_WARN_BOOL_CONVERSION = YES;
				CLANG_WARN_COMMA = YES;
				CLANG_WARN_CONSTANT_CONVERSION = YES;
				CLANG_WARN_DEPRECATED_OBJC_IMPLEMENTATIONS = YES;
				CLANG_WARN_DIRECT_OBJC_ISA_USAGE = YES_ERROR;
				CLANG_WARN_DOCUMENTATION_COMMENTS = YES;
				CLANG_WARN_EMPTY_BODY = YES;
				CLANG_WARN_ENUM_CONVERSION = YES;
				CLANG_WARN_INFINITE_RECURSION = YES;
				CLANG_WARN_INT_CONVERSION = YES;
				CLANG_WARN_NON_LITERAL_NULL_CONVERSION = YES;
				CLANG_WARN_OBJC_IMPLICIT_RETAIN_SELF = YES;
				CLANG_WARN_OBJC_LITERAL_CONVERSION = YES;
				CLANG_WARN_OBJC_ROOT_CLASS = YES_ERROR;
				CLANG_WARN_QUOTED_INCLUDE_IN_FRAMEWORK_HEADER = YES;
				CLANG_WARN_RANGE_LOOP_ANALYSIS = YES;
				CLANG_WARN_STRICT_PROTOTYPES = YES;
				CLANG_WARN_SUSPICIOUS_MOVE = YES;
				CLANG_WARN_UNGUARDED_AVAILABILITY = YES_AGGRESSIVE;
				CLANG_WARN_UNREACHABLE_CODE = YES;
				CLANG_WARN__DUPLICATE_METHOD_MATCH = YES;
				COPY_PHASE_STRIP = NO;
				DEBUG_INFORMATION_FORMAT = dwarf;
				ENABLE_STRICT_OBJC_MSGSEND = YES;
				ENABLE_TESTABILITY = YES;
				ENABLE_USER_SCRIPT_SANDBOXING = YES;
				GCC_C_LANGUAGE_STANDARD = gnu17;
				GCC_DYNAMIC_NO_PIC = NO;
				GCC_NO_COMMON_BLOCKS = YES;
				GCC_OPTIMIZATION_LEVEL = 0;
				GCC_PREPROCESSOR_DEFINITIONS = (
					"DEBUG=1",
					"$(inherited)",
				);
				GCC_WARN_64_TO_32_BIT_CONVERSION = YES;
				GCC_WARN_ABOUT_RETURN_TYPE = YES_ERROR;
				GCC_WARN_UNDECLARED_SELECTOR = YES;
				GCC_WARN_UNINITIALIZED_AUTOS = YES_AGGRESSIVE;
				GCC_WARN_UNUSED_FUNCTION = YES;
				GCC_WARN_UNUSED_VARIABLE = YES;
				MACOSX_DEPLOYMENT_TARGET = 14.0;
				MTL_ENABLE_DEBUG_INFO = INCLUDE_SOURCE;
				MTL_FAST_MATH = YES;
				ONLY_ACTIVE_ARCH = YES;
				SDKROOT = macosx;
				SWIFT_ACTIVE_COMPILATION_CONDITIONS = "DEBUG $(inherited)";
				SWIFT_OPTIMIZATION_LEVEL = "-Onone";
			};
			name = Debug;
		};
		G1000005 /* Release */ = {
			isa = XCBuildConfiguration;
			buildSettings = {
				ALWAYS_SEARCH_USER_PATHS = NO;
				ASSETCATALOG_COMPILER_GENERATE_SWIFT_ASSET_SYMBOL_EXTENSIONS = YES;
				CLANG_ANALYZER_NONNULL = YES;
				CLANG_ANALYZER_NUMBER_OBJECT_CONVERSION = YES_AGGRESSIVE;
				CLANG_CXX_LANGUAGE_STANDARD = "gnu++20";
				CLANG_ENABLE_MODULES = YES;
				CLANG_ENABLE_OBJC_ARC = YES;
				CLANG_ENABLE_OBJC_WEAK = YES;
				CLANG_WARN_BLOCK_CAPTURE_AUTORELEASING = YES;
				CLANG_WARN_BOOL_CONVERSION = YES;
				CLANG_WARN_COMMA = YES;
				CLANG_WARN_CONSTANT_CONVERSION = YES;
				CLANG_WARN_DEPRECATED_OBJC_IMPLEMENTATIONS = YES;
				CLANG_WARN_DIRECT_OBJC_ISA_USAGE = YES_ERROR;
				CLANG_WARN_DOCUMENTATION_COMMENTS = YES;
				CLANG_WARN_EMPTY_BODY = YES;
				CLANG_WARN_ENUM_CONVERSION = YES;
				CLANG_WARN_INFINITE_RECURSION = YES;
				CLANG_WARN_INT_CONVERSION = YES;
				CLANG_WARN_NON_LITERAL_NULL_CONVERSION = YES;
				CLANG_WARN_OBJC_IMPLICIT_RETAIN_SELF = YES;
				CLANG_WARN_OBJC_LITERAL_CONVERSION = YES;
				CLANG_WARN_OBJC_ROOT_CLASS = YES_ERROR;
				CLANG_WARN_QUOTED_INCLUDE_IN_FRAMEWORK_HEADER = YES;
				CLANG_WARN_RANGE_LOOP_ANALYSIS = YES;
				CLANG_WARN_STRICT_PROTOTYPES = YES;
				CLANG_WARN_SUSPICIOUS_MOVE = YES;
				CLANG_WARN_UNGUARDED_AVAILABILITY = YES_AGGRESSIVE;
				CLANG_WARN_UNREACHABLE_CODE = YES;
				CLANG_WARN__DUPLICATE_METHOD_MATCH = YES;
				COPY_PHASE_STRIP = NO;
				DEBUG_INFORMATION_FORMAT = "dwarf-with-dsym";
				ENABLE_NS_ASSERTIONS = NO;
				ENABLE_STRICT_OBJC_MSGSEND = YES;
				ENABLE_USER_SCRIPT_SANDBOXING = YES;
				GCC_C_LANGUAGE_STANDARD = gnu17;
				GCC_NO_COMMON_BLOCKS = YES;
				GCC_WARN_64_TO_32_BIT_CONVERSION = YES;
				GCC_WARN_ABOUT_RETURN_TYPE = YES_ERROR;
				GCC_WARN_UNDECLARED_SELECTOR = YES;
				GCC_WARN_UNINITIALIZED_AUTOS = YES_AGGRESSIVE;
				GCC_WARN_UNUSED_FUNCTION = YES;
				GCC_WARN_UNUSED_VARIABLE = YES;
				MACOSX_DEPLOYMENT_TARGET = 14.0;
				MTL_ENABLE_DEBUG_INFO = NO;
				MTL_FAST_MATH = YES;
				SDKROOT = macosx;
				SWIFT_COMPILATION_MODE = wholemodule;
			};
			name = Release;
		};
		G1000006 /* Debug */ = {
			isa = XCBuildConfiguration;
			buildSettings = {
				CODE_SIGN_ENTITLEMENTS = VoiceFlow.entitlements;
				CODE_SIGN_IDENTITY = "-";
				CODE_SIGN_STYLE = Automatic;
				COMBINE_HIDPI_IMAGES = YES;
				CURRENT_PROJECT_VERSION = 1;
				DEVELOPMENT_TEAM = "";
				ENABLE_HARDENED_RUNTIME = YES;
				GENERATE_INFOPLIST_FILE = NO;
				INFOPLIST_FILE = Resources/Info.plist;
				LD_RUNPATH_SEARCH_PATHS = (
					"$(inherited)",
					"@executable_path/../Frameworks",
				);
				MARKETING_VERSION = 1.0.0;
				PRODUCT_BUNDLE_IDENTIFIER = com.voiceflow.app;
				PRODUCT_NAME = "$(TARGET_NAME)";
				PROVISIONING_PROFILE_SPECIFIER = "";
				SWIFT_EMIT_LOC_STRINGS = YES;
				SWIFT_VERSION = 5.0;
			};
			name = Debug;
		};
		G1000007 /* Release */ = {
			isa = XCBuildConfiguration;
			buildSettings = {
				CODE_SIGN_ENTITLEMENTS = VoiceFlow.entitlements;
				CODE_SIGN_IDENTITY = "-";
				CODE_SIGN_STYLE = Automatic;
				COMBINE_HIDPI_IMAGES = YES;
				CURRENT_PROJECT_VERSION = 1;
				DEVELOPMENT_TEAM = "";
				ENABLE_HARDENED_RUNTIME = YES;
				GENERATE_INFOPLIST_FILE = NO;
				INFOPLIST_FILE = Resources/Info.plist;
				LD_RUNPATH_SEARCH_PATHS = (
					"$(inherited)",
					"@executable_path/../Frameworks",
				);
				MARKETING_VERSION = 1.0.0;
				PRODUCT_BUNDLE_IDENTIFIER = com.voiceflow.app;
				PRODUCT_NAME = "$(TARGET_NAME)";
				PROVISIONING_PROFILE_SPECIFIER = "";
				SWIFT_EMIT_LOC_STRINGS = YES;
				SWIFT_VERSION = 5.0;
			};
			name = Release;
		};
/* End XCBuildConfiguration section */

/* Begin XCConfigurationList section */
		G1000001 /* Build configuration list for PBXProject "VoiceFlow" */ = {
			isa = XCConfigurationList;
			buildConfigurations = (
				G1000004 /* Debug */,
				G1000005 /* Release */,
			);
			defaultConfigurationIsVisible = 0;
			defaultConfigurationName = Release;
		};
		G1000003 /* Build configuration list for PBXNativeTarget "VoiceFlow" */ = {
			isa = XCConfigurationList;
			buildConfigurations = (
				G1000006 /* Debug */,
				G1000007 /* Release */,
			);
			defaultConfigurationIsVisible = 0;
			defaultConfigurationName = Release;
		};
/* End XCConfigurationList section */
	};
	rootObject = F1000003 /* Project object */;
}
